// !$*UTF8*$!
{
	archiveVersion = 1;
	classes = {
	};
	objectVersion = 46;
	objects = {

/* Begin PBXFileReference section */
		6166C49616914A29007777FD /* mypoker.py */ = {isa = PBXFileReference; lastKnownFileType = text.script.python; path = mypoker.py; sourceTree = "<group>"; };
		6166C49716914CCE007777FD /* mygames.py */ = {isa = PBXFileReference; lastKnownFileType = text.script.python; path = mygames.py; sourceTree = "<group>"; };
		6166C49816915582007777FD /* __init__.py */ = {isa = PBXFileReference; lastKnownFileType = text.script.python; path = __init__.py; sourceTree = "<group>"; };
		6166C499169227B8007777FD /* tictactoe.py */ = {isa = PBXFileReference; lastKnownFileType = text.script.python; path = tictactoe.py; sourceTree = "<group>"; };
		6166C49A16928DCF007777FD /* playttt.py */ = {isa = PBXFileReference; lastKnownFileType = text.script.python; path = playttt.py; sourceTree = "<group>"; };
/* End PBXFileReference section */

/* Begin PBXGroup section */
		6166C489169149CB007777FD = {
			isa = PBXGroup;
			children = (
				6166C49616914A29007777FD /* mypoker.py */,
				6166C499169227B8007777FD /* tictactoe.py */,
				6166C49A16928DCF007777FD /* playttt.py */,
				6166C49816915582007777FD /* __init__.py */,
				6166C49716914CCE007777FD /* mygames.py */,
			);
			sourceTree = "<group>";
		};
/* End PBXGroup section */

/* Begin PBXLegacyTarget section */
		6166C490169149CB007777FD /* PYPoker */ = {
			isa = PBXLegacyTarget;
			buildArgumentsString = "$(ACTION)";
			buildConfigurationList = 6166C493169149CB007777FD /* Build configuration list for PBXLegacyTarget "PYPoker" */;
			buildPhases = (
			);
			buildToolPath = /usr/bin/make;
			dependencies = (
			);
			name = PYPoker;
			passBuildSettingsInEnvironment = 1;
			productName = PYPoker;
		};
/* End PBXLegacyTarget section */

/* Begin PBXProject section */
		6166C48B169149CB007777FD /* Project object */ = {
			isa = PBXProject;
			attributes = {
				LastUpgradeCheck = 0450;
				ORGANIZATIONNAME = "Charles Dowd";
			};
			buildConfigurationList = 6166C48E169149CB007777FD /* Build configuration list for PBXProject "PYPoker" */;
			compatibilityVersion = "Xcode 3.2";
			developmentRegion = English;
			hasScannedForEncodings = 0;
			knownRegions = (
				en,
			);
			mainGroup = 6166C489169149CB007777FD;
			projectDirPath = "";
			projectRoot = "";
			targets = (
				6166C490169149CB007777FD /* PYPoker */,
			);
		};
/* End PBXProject section */

/* Begin XCBuildConfiguration section */
		6166C491169149CB007777FD /* Debug */ = {
			isa = XCBuildConfiguration;
			buildSettings = {
				ALWAYS_SEARCH_USER_PATHS = NO;
				ARCHS = "$(ARCHS_STANDARD_64_BIT)";
				CLANG_CXX_LANGUAGE_STANDARD = "gnu++0x";
				CLANG_CXX_LIBRARY = "libc++";
				CLANG_WARN_EMPTY_BODY = YES;
				CLANG_WARN__DUPLICATE_METHOD_MATCH = YES;
				COPY_PHASE_STRIP = NO;
				GCC_C_LANGUAGE_STANDARD = gnu99;
				GCC_DYNAMIC_NO_PIC = NO;
				GCC_ENABLE_OBJC_EXCEPTIONS = YES;
				GCC_OPTIMIZATION_LEVEL = 0;
				GCC_PREPROCESSOR_DEFINITIONS = (
					"DEBUG=1",
					"$(inherited)",
				);
				GCC_SYMBOLS_PRIVATE_EXTERN = NO;
				GCC_WARN_64_TO_32_BIT_CONVERSION = YES;
				GCC_WARN_ABOUT_RETURN_TYPE = YES;
				GCC_WARN_UNINITIALIZED_AUTOS = YES;
				GCC_WARN_UNUSED_VARIABLE = YES;
				MACOSX_DEPLOYMENT_TARGET = 10.8;
				ONLY_ACTIVE_ARCH = YES;
				SDKROOT = macosx;
			};
			name = Debug;
		};
		6166C492169149CB007777FD /* Release */ = {
			isa = XCBuildConfiguration;
			buildSettings = {
				ALWAYS_SEARCH_USER_PATHS = NO;
				ARCHS = "$(ARCHS_STANDARD_64_BIT)";
				CLANG_CXX_LANGUAGE_STANDARD = "gnu++0x";
				CLANG_CXX_LIBRARY = "libc++";
				CLANG_WARN_EMPTY_BODY = YES;
				CLANG_WARN__DUPLICATE_METHOD_MATCH = YES;
				COPY_PHASE_STRIP = YES;
				DEBUG_INFORMATION_FORMAT = "dwarf-with-dsym";
				GCC_C_LANGUAGE_STANDARD = gnu99;
				GCC_ENABLE_OBJC_EXCEPTIONS = YES;
				GCC_WARN_64_TO_32_BIT_CONVERSION = YES;
				GCC_WARN_ABOUT_RETURN_TYPE = YES;
				GCC_WARN_UNINITIALIZED_AUTOS = YES;
				GCC_WARN_UNUSED_VARIABLE = YES;
				MACOSX_DEPLOYMENT_TARGET = 10.8;
				SDKROOT = macosx;
			};
			name = Release;
		};
		6166C494169149CB007777FD /* Debug */ = {
			isa = XCBuildConfiguration;
			buildSettings = {
				DEBUGGING_SYMBOLS = YES;
				GCC_GENERATE_DEBUGGING_SYMBOLS = YES;
				GCC_OPTIMIZATION_LEVEL = 0;
				OTHER_CFLAGS = "";
				OTHER_LDFLAGS = "";
				PRODUCT_NAME = "$(TARGET_NAME)";
			};
			name = Debug;
		};
		6166C495169149CB007777FD /* Release */ = {
			isa = XCBuildConfiguration;
			buildSettings = {
				OTHER_CFLAGS = "";
				OTHER_LDFLAGS = "";
				PRODUCT_NAME = "$(TARGET_NAME)";
			};
			name = Release;
		};
/* End XCBuildConfiguration section */

/* Begin XCConfigurationList section */
		6166C48E169149CB007777FD /* Build configuration list for PBXProject "PYPoker" */ = {
			isa = XCConfigurationList;
			buildConfigurations = (
				6166C491169149CB007777FD /* Debug */,
				6166C492169149CB007777FD /* Release */,
			);
			defaultConfigurationIsVisible = 0;
			defaultConfigurationName = Release;
		};
		6166C493169149CB007777FD /* Build configuration list for PBXLegacyTarget "PYPoker" */ = {
			isa = XCConfigurationList;
			buildConfigurations = (
				6166C494169149CB007777FD /* Debug */,
				6166C495169149CB007777FD /* Release */,
			);
			defaultConfigurationIsVisible = 0;
		};
/* End XCConfigurationList section */
	};
	rootObject = 6166C48B169149CB007777FD /* Project object */;
}
